github.com/DataDog/zstd v1.5.5 h1:oWf5W7GtOLgp6bciQYDmhHHjdhYkALu6S/5Ni9ZgSvQ=
github.com/DataDog/zstd v1.5.5/go.mod h1:g4AWEaM3yOg3HYfnJ3YIawPnVdXJh9QME85blwSAmyw=
github.com/ProtonMail/go-crypto v1.0.0 h1:LRuvITjQWX+WIfr930YHG2HNfjR1uOfyf5vE0kC2U78=
github.com/ProtonMail/go-crypto v1.0.0/go.mod h1:EjAoLdwvbIOoOQr3ihjnSoLZRtE8azugULFRteWMNc0=
github.com/arc-language/upkg v0.0.0-20260128193904-4c452fd62c9a h1:nD11W7Ez/0btve+1MvfwewfpKXCt2wGOnvdsXapuTLE=
github.com/arc-language/upkg v0.0.0-20260128193904-4c452fd62c9a/go.mod h1:IG4Ujj4VVEKGv3/x6+s19wq5jDZoYrB5YupCxLB0TOc=
github.com/arc-language/upkg v0.0.0-20260128194307-a65f9485ab87 h1:RLGeyKVyEUawgwHE9uD4qRpQi76mq7FrV83rknVLIGk=
github.com/arc-language/upkg v0.0.0-20260128194307-a65f9485ab87/go.mod h1:IG4Ujj4VVEKGv3/x6+s19wq5jDZoYrB5YupCxLB0TOc=
github.com/arc-language/upkg v0.0.0-20260128200021-602d417a69c7 h1:KwQDMMjTbpN5cc584uvl0bcy8uRW3xcPug3tksAUiGM=
github.com/arc-language/upkg v0.0.0-20260128200021-602d417a69c7/go.mod h1:IG4Ujj4VVEKGv3/x6+s19wq5jDZoYrB5YupCxLB0TOc=
github.com/arc-language/upkg v0.0.0-20260129002434-980b425d5d19 h1:8/jGfIapjw3ulUSqGjKW2bTRpe99vP+lag7Ebc9SJ7M=
github.com/arc-language/upkg v0.0.0-20260129002434-980b425d5d19/go.mod h1:IG4Ujj4VVEKGv3/x6+s19wq5jDZoYrB5YupCxLB0TOc=
github.com/arc-language/upkg v0.0.0-20260129002629-96e4fc506e5d h1:kYtDSc1QHh4hkwHGu5rbC5GJKLxGOxMnVrSXVmRhi7U=
github.com/arc-language/upkg v0.0.0-20260129002629-96e4fc506e5d/go.mod h1:IG4Ujj4VVEKGv3/x6+s19wq5jDZoYrB5YupCxLB0TOc=
github.com/arc-language/upkg v0.0.0-20260129002827-fe94d35b3492 h1:S2BTQV7u5SjK0qStU/bEuoOM+rvKoj0NNO6oAEvqAF0=
github.com/arc-language/upkg v0.0.0-20260129002827-fe94d35b3492/go.mod h1:IG4Ujj4VVEKGv3/x6+s19wq5jDZoYrB5YupCxLB0TOc=
github.com/arc-language/upkg v0.0.0-20260129003155-0dc60d567fb4 h1:cp64gT0XXq3TUJg8W7V1/ZVFrm4zP5kzxgkkGNnTwA8=
github.com/arc-language/upkg v0.0.0-20260129003155-0dc60d567fb4/go.mod h1:IG4Ujj4VVEKGv3/x6+s19wq5jDZoYrB5YupCxLB0TOc=
github.com/arc-language/upkg v0.0.0-20260129003442-7b1e1ef53374 h1:lsoho1SwKLA62P+sCjVqtdKxRw2bN4B4CgSSy40nVmc=
github.com/arc-language/upkg v0.0.0-20260129003442-7b1e1ef53374/go.mod h1:IG4Ujj4VVEKGv3/x6+s19wq5jDZoYrB5YupCxLB0TOc=
github.com/arc-language/upkg v0.0.0-20260129030353-52c76fa2ebcb h1:M2oDZCJ2RILHKA//4INvWYvM56aY8G6a8yoxp6i9iYg=
github.com/arc-language/upkg v0.0.0-20260129030353-52c76fa2ebcb/go.mod h1:IG4Ujj4VVEKGv3/x6+s19wq5jDZoYrB5YupCxLB0TOc=
github.com/arc-language/upkg v0.0.0-20260129030904-8ee9ab3c3038 h1:t+SDVdZqt5t4jfFGOix36edPJnLHwQSykXCbRhI3q+0=
github.com/arc-language/upkg v0.0.0-20260129030904-8ee9ab3c3038/go.mod h1:IG4Ujj4VVEKGv3/x6+s19wq5jDZoYrB5YupCxLB0TOc=
github.com/arc-language/upkg v0.0.0-20260129031820-38c4b32ac1df h1:z9D5RZL5inkUO8+iStITUxtAhWSpws5rLR2J3HuTQQg=
github.com/arc-language/upkg v0.0.0-20260129031820-38c4b32ac1df/go.mod h1:IG4Ujj4VVEKGv3/x6+s19wq5jDZoYrB5YupCxLB0TOc=
github.com/arc-language/upkg v0.0.0-20260129032014-47653cf8f0e4 h1:Qhzu3MpFgPZ6DtAJTSXanpkv28DMzZS7iSO3IE2/m3k=
github.com/arc-language/upkg v0.0.0-20260129032014-47653cf8f0e4/go.mod h1:IG4Ujj4VVEKGv3/x6+s19wq5jDZoYrB5YupCxLB0TOc=
github.com/arc-language/upkg v0.0.0-20260129032328-67d1efa55221 h1:waWR3wk0LetBEdj0CQ9XSep5hcrCHpI1d1rQvhR3Lmk=
github.com/arc-language/upkg v0.0.0-20260129032328-67d1efa55221/go.mod h1:IG4Ujj4VVEKGv3/x6+s19wq5jDZoYrB5YupCxLB0TOc=
github.com/arc-language/upkg v0.0.0-20260129032700-aac487b0ac1f h1:ZmIgdhs1IDdn6dT4H5nI/8JEfCtRX+CMxOAnE9fG+Zc=
github.com/arc-language/upkg v0.0.0-20260129032700-aac487b0ac1f/go.mod h1:IG4Ujj4VVEKGv3/x6+s19wq5jDZoYrB5YupCxLB0TOc=
github.com/arc-language/upkg v0.0.0-20260129033957-fe1bb05539e1 h1:gb+KJMGjpcMjLSQ20rVef497u/UYkj6yXUprby2zvbo=
github.com/arc-language/upkg v0.0.0-20260129033957-fe1bb05539e1/go.mod h1:IG4Ujj4VVEKGv3/x6+s19wq5jDZoYrB5YupCxLB0TOc=
github.com/arc-language/upkg v0.0.0-20260129034241-d10ffb43ba77 h1:7kaaZyQ25vgI7Gju6Y6VPqUaDVmIzPaigaVx7mJ4jRc=
github.com/arc-language/upkg v0.0.0-20260129034241-d10ffb43ba77/go.mod h1:IG4Ujj4VVEKGv3/x6+s19wq5jDZoYrB5YupCxLB0TOc=
github.com/arc-language/upkg v0.0.0-20260129034417-0f66cd643ce3 h1:LLl2MKZinXBQ9NEOdncUB92TP7hUDtmUChtnwTtQDLQ=
github.com/arc-language/upkg v0.0.0-20260129034417-0f66cd643ce3/go.mod h1:IG4Ujj4VVEKGv3/x6+s19wq5jDZoYrB5YupCxLB0TOc=
github.com/arc-language/upkg v0.0.0-20260129035333-e3a2e68294c4 h1:dUnXTnkXWDEiCxYmGEMDxlyJFJPjL1P+uLres5psA8I=
github.com/arc-language/upkg v0.0.0-20260129035333-e3a2e68294c4/go.mod h1:IG4Ujj4VVEKGv3/x6+s19wq5jDZoYrB5YupCxLB0TOc=
github.com/arc-language/upkg v0.0.0-20260129035427-3c0dd3848f47 h1:+5M1R1K+63kPwqTLbQjBjNJbwmpr2GUncjmM3p6O9No=
github.com/arc-language/upkg v0.0.0-20260129035427-3c0dd3848f47/go.mod h1:IG4Ujj4VVEKGv3/x6+s19wq5jDZoYrB5YupCxLB0TOc=
github.com/arc-language/upkg v0.0.0-20260129035901-b44e3aa61042 h1:JzK+edADOPnBeGuMgngOVE51l5eLOmd/za5QnLdSiSQ=
github.com/arc-language/upkg v0.0.0-20260129035901-b44e3aa61042/go.mod h1:IG4Ujj4VVEKGv3/x6+s19wq5jDZoYrB5YupCxLB0TOc=
github.com/arc-language/upkg v0.0.0-20260129040429-7cd5a1052c5b h1:oLgcBqv/81ca5uV6akt99dQHZEw2t8cXJ946OEfiqFQ=
github.com/arc-language/upkg v0.0.0-20260129040429-7cd5a1052c5b/go.mod h1:IG4Ujj4VVEKGv3/x6+s19wq5jDZoYrB5YupCxLB0TOc=
github.com/arc-language/upkg v0.0.0-20260129040801-383b202d7201 h1:Wpm2fC4UDpMNpheLBA0vams9GwOySH/GQORHjeZsiQM=
github.com/arc-language/upkg v0.0.0-20260129040801-383b202d7201/go.mod h1:IG4Ujj4VVEKGv3/x6+s19wq5jDZoYrB5YupCxLB0TOc=
github.com/arc-language/upkg v0.0.0-20260129041150-e8435a607ef1 h1:jPI5lbd3+yC0/LOAhLDkwQmvuP4wG0+4Ha8yQqhcRI0=
github.com/arc-language/upkg v0.0.0-20260129041150-e8435a607ef1/go.mod h1:IG4Ujj4VVEKGv3/x6+s19wq5jDZoYrB5YupCxLB0TOc=
github.com/arc-language/upkg v0.0.0-20260129042656-169ffeda331d h1:1l7RIa0lDDFvK5rLitKHHCK8ey+ppyIrPc0um9Jjiok=
github.com/arc-language/upkg v0.0.0-20260129042656-169ffeda331d/go.mod h1:IG4Ujj4VVEKGv3/x6+s19wq5jDZoYrB5YupCxLB0TOc=
github.com/arc-language/upkg v0.0.0-20260129043051-95391de6e9a6 h1:FVIPthOCi7J4BGA+r/i3eyccOYih7Uz7WZ6zdu6B1hc=
github.com/arc-language/upkg v0.0.0-20260129043051-95391de6e9a6/go.mod h1:IG4Ujj4VVEKGv3/x6+s19wq5jDZoYrB5YupCxLB0TOc=
github.com/arc-language/upkg v0.0.0-20260129043202-43ad957de523 h1:XJK5UplvA6LgyNfvACFEgqdZ29OF2PCHTKC42z+cpIg=
github.com/arc-language/upkg v0.0.0-20260129043202-43ad957de523/go.mod h1:IG4Ujj4VVEKGv3/x6+s19wq5jDZoYrB5YupCxLB0TOc=
github.com/arc-language/upkg v0.0.0-20260129043721-1e9f863b0641 h1:PMOArSjFZEmkfxdEhzxVg0HXjZSnVa2kqY9Xzc5k+ck=
github.com/arc-language/upkg v0.0.0-20260129043721-1e9f863b0641/go.mod h1:IG4Ujj4VVEKGv3/x6+s19wq5jDZoYrB5YupCxLB0TOc=
github.com/arc-language/upkg v0.0.0-20260129044107-3270318d5af9 h1:EV1E5VPm3upi6MUSBMHbTLNpaOZrgK8i4uHoWm82u0Q=
github.com/arc-language/upkg v0.0.0-20260129044107-3270318d5af9/go.mod h1:IG4Ujj4VVEKGv3/x6+s19wq5jDZoYrB5YupCxLB0TOc=
github.com/arc-language/upkg v0.0.0-20260129044404-41482700ef19 h1:bRMotWi1xkrG4m9wi3kHaKFudqJ6f39LQ/ZB/G3yLhE=
github.com/arc-language/upkg v0.0.0-20260129044404-41482700ef19/go.mod h1:IG4Ujj4VVEKGv3/x6+s19wq5jDZoYrB5YupCxLB0TOc=
github.com/arc-language/upkg v0.0.0-20260129044950-c8066e538877 h1:vdp4dKT53eY1BD5db5samQ/BJS8RWGk2MLr1PHO7lWo=
github.com/arc-language/upkg v0.0.0-20260129044950-c8066e538877/go.mod h1:IG4Ujj4VVEKGv3/x6+s19wq5jDZoYrB5YupCxLB0TOc=
github.com/arc-language/upkg v0.0.0-20260129045230-cb24c8c7812b h1:D0Ypw4XZO4q98+Bt2gCmRpRJ5yl9tsXZU3SXcBZryug=
github.com/arc-language/upkg v0.0.0-20260129045230-cb24c8c7812b/go.mod h1:IG4Ujj4VVEKGv3/x6+s19wq5jDZoYrB5YupCxLB0TOc=
github.com/arc-language/upkg v0.0.0-20260129051017-bbf2df2b81e9 h1:xKNwuP2c+P0UfmvLo5YWNBMSSdUi+Cvom4wCMvnJEtA=
github.com/arc-language/upkg v0.0.0-20260129051017-bbf2df2b81e9/go.mod h1:IG4Ujj4VVEKGv3/x6+s19wq5jDZoYrB5YupCxLB0TOc=
github.com/arc-language/upkg v0.0.0-20260129053640-404ef66dbd22 h1:NdtyhS34MTe4cf0Bx/Pt/rKh/O00mkSG4jxJzh3Qn7g=
github.com/arc-language/upkg v0.0.0-20260129053640-404ef66dbd22/go.mod h1:IG4Ujj4VVEKGv3/x6+s19wq5jDZoYrB5YupCxLB0TOc=
github.com/arc-language/upkg v0.0.0-20260129053957-17012959a97b h1:uwdjX27fHSsziM5bwu98mn7EHMP16I9tiHtRzWr+ZfI=
github.com/arc-language/upkg v0.0.0-20260129053957-17012959a97b/go.mod h1:IG4Ujj4VVEKGv3/x6+s19wq5jDZoYrB5YupCxLB0TOc=
github.com/arc-language/upkg v0.0.0-20260129054302-dd5ab9b04d23 h1:TQLL+xVglP9Lh+46tXRQ0Sws8QZBTrETDikEFaOTDso=
github.com/arc-language/upkg v0.0.0-20260129054302-dd5ab9b04d23/go.mod h1:IG4Ujj4VVEKGv3/x6+s19wq5jDZoYrB5YupCxLB0TOc=
github.com/arc-language/upkg v0.0.0-20260129054359-8677a5b64667 h1:BVViiFE1ZisWgLYh9BEjmm84wE3xdsI/V/1pB/N5Ru0=
github.com/arc-language/upkg v0.0.0-20260129054359-8677a5b64667/go.mod h1:IG4Ujj4VVEKGv3/x6+s19wq5jDZoYrB5YupCxLB0TOc=
github.com/arc-language/upkg v0.0.0-20260129054757-0d9ce9d531ff h1:eXcOXRQA0AEuL2EJg3UCK7xuk/ZwxR+4BF21Px5wfH0=
github.com/arc-language/upkg v0.0.0-20260129054757-0d9ce9d531ff/go.mod h1:IG4Ujj4VVEKGv3/x6+s19wq5jDZoYrB5YupCxLB0TOc=
github.com/arc-language/upkg v0.0.0-20260129054944-4eede42364dc h1:A4CCuglwg6EP/Q2Ncn1Hk+SBkoDAuvMmPjhOielCk8E=
github.com/arc-language/upkg v0.0.0-20260129054944-4eede42364dc/go.mod h1:IG4Ujj4VVEKGv3/x6+s19wq5jDZoYrB5YupCxLB0TOc=
github.com/arc-language/upkg v0.0.0-20260130024814-1af2c9fb87fb h1:skWFUdKSpApudv6Ex2GC8xuTdTreAYDTfQDI2Wd42sA=
github.com/arc-language/upkg v0.0.0-20260130024814-1af2c9fb87fb/go.mod h1:IG4Ujj4VVEKGv3/x6+s19wq5jDZoYrB5YupCxLB0TOc=
github.com/arc-language/upkg v0.0.0-20260130030249-566b175b59fa h1:F28XXq6antj5WDxPJNu42Ze6NMFCO3er43iUuHWYRsA=
github.com/arc-language/upkg v0.0.0-20260130030249-566b175b59fa/go.mod h1:IG4Ujj4VVEKGv3/x6+s19wq5jDZoYrB5YupCxLB0TOc=
github.com/arc-language/upkg v0.0.0-20260130031607-369b034e69a2 h1:vHrQtaTh6aAi/gQLHzBN1oWgGBte3Iqtrk+1IwY7hiI=
github.com/arc-language/upkg v0.0.0-20260130031607-369b034e69a2/go.mod h1:IG4Ujj4VVEKGv3/x6+s19wq5jDZoYrB5YupCxLB0TOc=
github.com/arc-language/upkg v0.0.0-20260130033532-1a997f198760 h1:bDvtS8kJmtbGQHYY9iJbQlsthxU1L9civbsqot1RS1g=
github.com/arc-language/upkg v0.0.0-20260130033532-1a997f198760/go.mod h1:IG4Ujj4VVEKGv3/x6+s19wq5jDZoYrB5YupCxLB0TOc=
github.com/arc-language/upkg v0.0.0-20260130033726-a690ceff2446 h1:Ah+LG8SygrCaFM2AFi5G2U2xhrvwIDYTyDoz+sKb8lY=
github.com/arc-language/upkg v0.0.0-20260130033726-a690ceff2446/go.mod h1:IG4Ujj4VVEKGv3/x6+s19wq5jDZoYrB5YupCxLB0TOc=
github.com/arc-language/upkg v0.0.0-20260130034823-892add0f6ea7 h1:jFhumShBCWPtKchMsQu0WlU8FE6ae2ARRSs6k1Fq9Ek=
github.com/arc-language/upkg v0.0.0-20260130034823-892add0f6ea7/go.mod h1:IG4Ujj4VVEKGv3/x6+s19wq5jDZoYrB5YupCxLB0TOc=
github.com/arc-language/upkg v0.0.0-20260130035714-2677463b6b77 h1:IfdbvGMZ7WlqaT71JlY5tKWlvS/FFPyiKfdUwL8JJEA=
github.com/arc-language/upkg v0.0.0-20260130035714-2677463b6b77/go.mod h1:IG4Ujj4VVEKGv3/x6+s19wq5jDZoYrB5YupCxLB0TOc=
github.com/arc-language/upkg v0.0.0-20260130040914-9a5d58a2c9c2 h1:MyEbjR6+RyXXtCZAX9d6a+Wc4XVTzDLPPbGG5OmxffY=
github.com/arc-language/upkg v0.0.0-20260130040914-9a5d58a2c9c2/go.mod h1:IG4Ujj4VVEKGv3/x6+s19wq5jDZoYrB5YupCxLB0TOc=
github.com/arc-language/upkg v0.0.0-20260130041601-f3b9dce741b5 h1:nCmT3YzaJd0h0hreKjyrCdevyVdV4Eu+9FVGOaOfzE0=
github.com/arc-language/upkg v0.0.0-20260130041601-f3b9dce741b5/go.mod h1:IG4Ujj4VVEKGv3/x6+s19wq5jDZoYrB5YupCxLB0TOc=
github.com/arc-language/upkg v0.0.0-20260130043348-ecaed08f7bcc h1:ZbZmnGMhCbX2tS2txUTflVHiJQnU+ezhhBLPQjrV1qk=
github.com/arc-language/upkg v0.0.0-20260130043348-ecaed08f7bcc/go.mod h1:IG4Ujj4VVEKGv3/x6+s19wq5jDZoYrB5YupCxLB0TOc=
github.com/arc-language/upkg v0.0.0-20260130044000-f9da48b8a8f1 h1:g+/EMhaN+C5boTo6ymI0rblVtuD5RAWcaq96Ebnf3FM=
github.com/arc-language/upkg v0.0.0-20260130044000-f9da48b8a8f1/go.mod h1:IG4Ujj4VVEKGv3/x6+s19wq5jDZoYrB5YupCxLB0TOc=
github.com/arc-language/upkg v0.0.0-20260130044555-480a3f7c200a h1:5L3RnSLfGMrKSrUuQu43wwJdbdeacyaGcDbYnumngpE=
github.com/arc-language/upkg v0.0.0-20260130044555-480a3f7c200a/go.mod h1:IG4Ujj4VVEKGv3/x6+s19wq5jDZoYrB5YupCxLB0TOc=
github.com/arc-language/upkg v0.0.0-20260130045251-8ce6469626cb h1:tDu6fXJUtTjZct21/w8wNxVM+txJhb0MGeIy6lEqN18=
github.com/arc-language/upkg v0.0.0-20260130045251-8ce6469626cb/go.mod h1:IG4Ujj4VVEKGv3/x6+s19wq5jDZoYrB5YupCxLB0TOc=
github.com/arc-language/upkg v0.0.0-20260130050431-bad465e228d4 h1:LQp/rhVdONWUO8HyuEm0qEOCsPRNUkv5HDLI8JZDmwE=
github.com/arc-language/upkg v0.0.0-20260130050431-bad465e228d4/go.mod h1:IG4Ujj4VVEKGv3/x6+s19wq5jDZoYrB5YupCxLB0TOc=
github.com/arc-language/upkg v0.0.0-20260130050804-696060613241 h1:8yCX7uimboFmt+2fnEUyYTH6Lcwl/SZt+HSyYNLysXo=
github.com/arc-language/upkg v0.0.0-20260130050804-696060613241/go.mod h1:IG4Ujj4VVEKGv3/x6+s19wq5jDZoYrB5YupCxLB0TOc=
github.com/arc-language/upkg v0.0.0-20260130051205-af08391c2b9c h1:/Mdc2StAutl4ha7vBZCrVkMy/zLoQbt2HBdPu3VIvHw=
github.com/arc-language/upkg v0.0.0-20260130051205-af08391c2b9c/go.mod h1:IG4Ujj4VVEKGv3/x6+s19wq5jDZoYrB5YupCxLB0TOc=
github.com/arc-language/upkg v0.0.0-20260131035122-7f7e13b08c27 h1:3EGe1HhC7WZlPtauSSLWxOxHdb0+HdmBautWIk7BoFs=
github.com/arc-language/upkg v0.0.0-20260131035122-7f7e13b08c27/go.mod h1:IG4Ujj4VVEKGv3/x6+s19wq5jDZoYrB5YupCxLB0TOc=
github.com/arc-language/upkg v0.0.0-20260131040321-9d5a33263009 h1:iL4NYX6Te9tNwb15KraTf+LcoccTAt4YOfEAVQSfz2k=
github.com/arc-language/upkg v0.0.0-20260131040321-9d5a33263009/go.mod h1:IG4Ujj4VVEKGv3/x6+s19wq5jDZoYrB5YupCxLB0TOc=
github.com/arc-language/upkg v0.0.0-20260131040918-3ab1c67f5173 h1:iwWAVXWITloXEfAaTuzkZIBsasJJF5CXxIaNPA9ekBY=
github.com/arc-language/upkg v0.0.0-20260131040918-3ab1c67f5173/go.mod h1:IG4Ujj4VVEKGv3/x6+s19wq5jDZoYrB5YupCxLB0TOc=
github.com/arc-language/upkg v0.0.0-20260131043231-2378863294d8 h1:QeABtYJJxp38KGR+9U1j2+8Ai2I2QMgihtCnacMo/oA=
github.com/arc-language/upkg v0.0.0-20260131043231-2378863294d8/go.mod h1:IG4Ujj4VVEKGv3/x6+s19wq5jDZoYrB5YupCxLB0TOc=
github.com/arc-language/upkg v0.0.0-20260131044120-22df58bcf7e6 h1:k/HfahAudNg3hbBSW9eo+5YxiHjnJBzrgHGhDuYA4tM=
github.com/arc-language/upkg v0.0.0-20260131044120-22df58bcf7e6/go.mod h1:IG4Ujj4VVEKGv3/x6+s19wq5jDZoYrB5YupCxLB0TOc=
github.com/arc-language/upkg v0.0.0-20260131045222-b88c63817fe2 h1:Dd7dB2agyLJRSLT6I2vc5KJupvjSLVP1agK+50pVZVM=
github.com/arc-language/upkg v0.0.0-20260131045222-b88c63817fe2/go.mod h1:IG4Ujj4VVEKGv3/x6+s19wq5jDZoYrB5YupCxLB0TOc=
github.com/arc-language/upkg v0.0.0-20260131050855-a90c510be3b5 h1:VjpqNBUSzMXfsO+FYgAbLiKpzzLMtZO6UtSIB+o5YCY=
github.com/arc-language/upkg v0.0.0-20260131050855-a90c510be3b5/go.mod h1:IG4Ujj4VVEKGv3/x6+s19wq5jDZoYrB5YupCxLB0TOc=
github.com/arc-language/upkg v0.0.0-20260131051121-3990606f0725 h1:gejMRakEktS6eyaWX7/B7s84VkCyt7vhp+VH+U22szI=
github.com/arc-language/upkg v0.0.0-20260131051121-3990606f0725/go.mod h1:IG4Ujj4VVEKGv3/x6+s19wq5jDZoYrB5YupCxLB0TOc=
github.com/arc-language/upkg v0.0.0-20260131051416-325b022d40f7 h1:rawzEzKd87Fft1YFhV9j4zbbYYHqxEzcDHpaCUTCH80=
github.com/arc-language/upkg v0.0.0-20260131051416-325b022d40f7/go.mod h1:IG4Ujj4VVEKGv3/x6+s19wq5jDZoYrB5YupCxLB0TOc=
github.com/arc-language/upkg v0.0.0-20260131051722-b553da89bdbc h1:OgOEYm1yFYBpw1eDD5Aqq2sRY7AXGD4B/sj8DVC7wS4=
github.com/arc-language/upkg v0.0.0-20260131051722-b553da89bdbc/go.mod h1:IG4Ujj4VVEKGv3/x6+s19wq5jDZoYrB5YupCxLB0TOc=
github.com/blakesmith/ar v0.0.0-20190502131153-809d4375e1fb h1:m935MPodAbYS46DG4pJSv7WO+VECIWUQ7OJYSoTrMh4=
github.com/blakesmith/ar v0.0.0-20190502131153-809d4375e1fb/go.mod h1:PkYb9DJNAwrSvRx5DYA+gUcOIgTGVMNkfSCbZM8cWpI=
github.com/bwesterb/go-ristretto v1.2.3/go.mod h1:fUIoIZaG73pV5biE2Blr2xEzDoMj7NFEuV9ekS419A0=
github.com/cavaliergopher/cpio v1.0.1 h1:KQFSeKmZhv0cr+kawA3a0xTQCU4QxXF1vhU7P7av2KM=
github.com/cavaliergopher/cpio v1.0.1/go.mod h1:pBdaqQjnvXxdS/6CvNDwIANIFSP0xRKI16PX4xejRQc=
github.com/cloudflare/circl v1.3.3/go.mod h1:5XYMA4rFBvNIrhs50XuiBJ15vF2pZn4nnUKZrLbUZFA=
github.com/cloudflare/circl v1.3.8 h1:j+V8jJt09PoeMFIu2uh5JUyEaIHTXVOHslFoLNAKqwI=
github.com/cloudflare/circl v1.3.8/go.mod h1:PDRU+oXvdD7KCtgKxW95M5Z8BpSCJXQORiZFnBQS5QU=
github.com/klauspost/compress v1.18.3 h1:9PJRvfbmTabkOX8moIpXPbMMbYN60bWImDDU7L+/6zw=
github.com/klauspost/compress v1.18.3/go.mod h1:R0h/fSBs8DE4ENlcrlib3PsXS61voFxhIs2DeRhCvJ4=
github.com/sassoftware/go-rpmutils v0.4.0 h1:ojND82NYBxgwrV+mX1CWsd5QJvvEZTKddtCdFLPWhpg=
github.com/sassoftware/go-rpmutils v0.4.0/go.mod h1:3goNWi7PGAT3/dlql2lv3+MSN5jNYPjT5mVcQcIsYzI=
github.com/ulikunitz/xz v0.5.15 h1:9DNdB5s+SgV3bQ2ApL10xRc35ck0DuIX/isZvIk+ubY=
github.com/ulikunitz/xz v0.5.15/go.mod h1:nbz6k7qbPmH4IRqmfOplQw/tblSgqTqBwxkY0oWt/14=
github.com/xi2/xz v0.0.0-20171230120015-48954b6210f8 h1:nIPpBwaJSVYIxUFsDv3M8ofmx9yWTog9BfvIu0q41lo=
github.com/xi2/xz v0.0.0-20171230120015-48954b6210f8/go.mod h1:HUYIGzjTL3rfEspMxjDjgmT5uz5wzYJKVo23qUhYTos=
github.com/yuin/goldmark v1.4.13/go.mod h1:6yULJ656Px+3vBD8DxQVa3kxgyrAnzto9xy5taEt/CY=
golang.org/x/crypto v0.0.0-20190308221718-c2843e01d9a2/go.mod h1:djNgcEr1/C05ACkg1iLfiJU5Ep61QUkGW8qpdssI0+w=
golang.org/x/crypto v0.0.0-20210921155107-089bfa567519/go.mod h1:GvvjBRRGRdwPK5ydBHafDWAxML/pGHZbMvKqRZ5+Abc=
golang.org/x/crypto v0.3.1-0.20221117191849-2c476679df9a/go.mod h1:hebNnKkNXi2UzZN1eVRvBB7co0a+JxK6XbPiWVs/3J4=
golang.org/x/crypto v0.7.0/go.mod h1:pYwdfH91IfpZVANVyUOhSIPZaFoJGxTFbZhFTx+dXZU=
golang.org/x/crypto v0.23.0 h1:dIJU/v2J8Mdglj/8rJ6UUOM3Zc9zLZxVZwwxMooUSAI=
golang.org/x/crypto v0.23.0/go.mod h1:CKFgDieR+mRhux2Lsu27y0fO304Db0wZe70UKqHu0v8=
golang.org/x/mod v0.6.0-dev.0.20220419223038-86c51ed26bb4/go.mod h1:jJ57K6gSWd91VN4djpZkiMVwK6gcyfeH4XE8wZrZaV4=
golang.org/x/mod v0.8.0/go.mod h1:iBbtSCu2XBx23ZKBPSOrRkjjQPZFPuis4dIYUhu/chs=
golang.org/x/net v0.0.0-20190620200207-3b0461eec859/go.mod h1:z5CRVTTTmAJ677TzLLGU+0bjPO0LkuOLi4/5GtJWs/s=
golang.org/x/net v0.0.0-20210226172049-e18ecbb05110/go.mod h1:m0MpNAwzfU5UDzcl9v0D8zg8gWTRqZa9RBIspLL5mdg=
golang.org/x/net v0.0.0-20220722155237-a158d28d115b/go.mod h1:XRhObCWvk6IyKnWLug+ECip1KBveYUHfp+8e9klMJ9c=
golang.org/x/net v0.2.0/go.mod h1:KqCZLdyyvdV855qA2rE3GC2aiw5xGR5TEjj8smXukLY=
golang.org/x/net v0.6.0/go.mod h1:2Tu9+aMcznHK/AK1HMvgo6xiTLG5rD5rZLDS+rp2Bjs=
golang.org/x/net v0.8.0/go.mod h1:QVkue5JL9kW//ek3r6jTKnTFis1tRmNAW2P1shuFdJc=
golang.org/x/sync v0.0.0-20190423024810-112230192c58/go.mod h1:RxMgew5VJxzue5/jJTE5uejpjVlOe/izrB70Jof72aM=
golang.org/x/sync v0.0.0-20220722155255-886fb9371eb4/go.mod h1:RxMgew5VJxzue5/jJTE5uejpjVlOe/izrB70Jof72aM=
golang.org/x/sync v0.1.0/go.mod h1:RxMgew5VJxzue5/jJTE5uejpjVlOe/izrB70Jof72aM=
golang.org/x/sys v0.0.0-20190215142949-d0b11bdaac8a/go.mod h1:STP8DvDyc/dI5b8T5hshtkjS+E42TnysNCUPdjciGhY=
golang.org/x/sys v0.0.0-20201119102817-f84b799fce68/go.mod h1:h1NjWce9XRLGQEsW7wpKNCjG9DtNlClVuFLEZdDNbEs=
golang.org/x/sys v0.0.0-20210615035016-665e8c7367d1/go.mod h1:oPkhp1MJrh7nUepCBck5+mAzfO9JrbApNNgaTdGDITg=
golang.org/x/sys v0.0.0-20220520151302-bc2c85ada10a/go.mod h1:oPkhp1MJrh7nUepCBck5+mAzfO9JrbApNNgaTdGDITg=
golang.org/x/sys v0.0.0-20220722155257-8c9f86f7a55f/go.mod h1:oPkhp1MJrh7nUepCBck5+mAzfO9JrbApNNgaTdGDITg=
golang.org/x/sys v0.2.0/go.mod h1:oPkhp1MJrh7nUepCBck5+mAzfO9JrbApNNgaTdGDITg=
golang.org/x/sys v0.3.0/go.mod h1:oPkhp1MJrh7nUepCBck5+mAzfO9JrbApNNgaTdGDITg=
golang.org/x/sys v0.5.0/go.mod h1:oPkhp1MJrh7nUepCBck5+mAzfO9JrbApNNgaTdGDITg=
golang.org/x/sys v0.6.0/go.mod h1:oPkhp1MJrh7nUepCBck5+mAzfO9JrbApNNgaTdGDITg=
golang.org/x/sys v0.20.0 h1:Od9JTbYCk261bKm4M/mw7AklTlFYIa0bIp9BgSm1S8Y=
golang.org/x/sys v0.20.0/go.mod h1:/VUhepiaJMQUp4+oa/7Zr1D23ma6VTLIYjOOTFZPUcA=
golang.org/x/term v0.0.0-20201126162022-7de9c90e9dd1/go.mod h1:bj7SfCRtBDWHUb9snDiAeCFNEtKQo2Wmx5Cou7ajbmo=
golang.org/x/term v0.0.0-20210927222741-03fcf44c2211/go.mod h1:jbD1KX2456YbFQfuXm/mYQcufACuNUgVhRMnK/tPxf8=
golang.org/x/term v0.2.0/go.mod h1:TVmDHMZPmdnySmBfhjOoOdhjzdE1h4u1VwSiw2l1Nuc=
golang.org/x/term v0.5.0/go.mod h1:jMB1sMXY+tzblOD4FWmEbocvup2/aLOaQEp7JmGp78k=
golang.org/x/term v0.6.0/go.mod h1:m6U89DPEgQRMq3DNkDClhWw02AUbt2daBVO4cn4Hv9U=
golang.org/x/text v0.3.0/go.mod h1:NqM8EUOU14njkJ3fqMW+pc6Ldnwhi/IjpwHt7yyuwOQ=
golang.org/x/text v0.3.3/go.mod h1:5Zoc/QRtKVWzQhOtBMvqHzDpF6irO9z98xDceosuGiQ=
golang.org/x/text v0.3.7/go.mod h1:u+2+/6zg+i71rQMx5EYifcz6MCKuco9NR6JIITiCfzQ=
golang.org/x/text v0.4.0/go.mod h1:mrYo+phRRbMaCq/xk9113O4dZlRixOauAjOtrjsXDZ8=
golang.org/x/text v0.7.0/go.mod h1:mrYo+phRRbMaCq/xk9113O4dZlRixOauAjOtrjsXDZ8=
golang.org/x/text v0.8.0/go.mod h1:e1OnstbJyHTd6l/uOt8jFFHp6TRDWZR/bV3emEE/zU8=
golang.org/x/tools v0.0.0-20180917221912-90fa682c2a6e/go.mod h1:n7NCudcB/nEzxVGmLbDWY5pfWTLqBcC2KZ6jyYvM4mQ=
golang.org/x/tools v0.0.0-20191119224855-298f0cb1881e/go.mod h1:b+2E5dAYhXwXZwtnZ6UAqBI28+e2cm9otk0dWdXHAEo=
golang.org/x/tools v0.1.12/go.mod h1:hNGJHUnrk76NpqgfD5Aqm5Crs+Hm0VOH/i9J2+nxYbc=
golang.org/x/tools v0.6.0/go.mod h1:Xwgl3UAJ/d3gWutnCtw505GrjyAbvKui8lOU390QaIU=
golang.org/x/xerrors v0.0.0-20190717185122-a985d3407aa7/go.mod h1:I/5z698sn9Ka8TeJc9MKroUUfqBBauWjQqLJ2OPfmY0=
zombiezen.com/go/nix v0.0.0-20250514174927-d97ab08b45de h1:X37qVOQIIuiEfWf+P4bMpaVPKr9mdwmj2sj3dj7UY18=
zombiezen.com/go/nix v0.0.0-20250514174927-d97ab08b45de/go.mod h1:3/4h+nWUdD9F6De1g7zBvgn4RyryS+mnK5JiW2JHRe8=
