github.com/arc-language/upkg v0.0.0-20260128193904-4c452fd62c9a h1:nD11W7Ez/0btve+1MvfwewfpKXCt2wGOnvdsXapuTLE=
github.com/arc-language/upkg v0.0.0-20260128193904-4c452fd62c9a/go.mod h1:IG4Ujj4VVEKGv3/x6+s19wq5jDZoYrB5YupCxLB0TOc=
github.com/arc-language/upkg v0.0.0-20260128194307-a65f9485ab87 h1:RLGeyKVyEUawgwHE9uD4qRpQi76mq7FrV83rknVLIGk=
github.com/arc-language/upkg v0.0.0-20260128194307-a65f9485ab87/go.mod h1:IG4Ujj4VVEKGv3/x6+s19wq5jDZoYrB5YupCxLB0TOc=
github.com/arc-language/upkg v0.0.0-20260128200021-602d417a69c7 h1:KwQDMMjTbpN5cc584uvl0bcy8uRW3xcPug3tksAUiGM=
github.com/arc-language/upkg v0.0.0-20260128200021-602d417a69c7/go.mod h1:IG4Ujj4VVEKGv3/x6+s19wq5jDZoYrB5YupCxLB0TOc=
github.com/arc-language/upkg v0.0.0-20260129002434-980b425d5d19 h1:8/jGfIapjw3ulUSqGjKW2bTRpe99vP+lag7Ebc9SJ7M=
github.com/arc-language/upkg v0.0.0-20260129002434-980b425d5d19/go.mod h1:IG4Ujj4VVEKGv3/x6+s19wq5jDZoYrB5YupCxLB0TOc=
github.com/arc-language/upkg v0.0.0-20260129002629-96e4fc506e5d h1:kYtDSc1QHh4hkwHGu5rbC5GJKLxGOxMnVrSXVmRhi7U=
github.com/arc-language/upkg v0.0.0-20260129002629-96e4fc506e5d/go.mod h1:IG4Ujj4VVEKGv3/x6+s19wq5jDZoYrB5YupCxLB0TOc=
github.com/arc-language/upkg v0.0.0-20260129002827-fe94d35b3492 h1:S2BTQV7u5SjK0qStU/bEuoOM+rvKoj0NNO6oAEvqAF0=
github.com/arc-language/upkg v0.0.0-20260129002827-fe94d35b3492/go.mod h1:IG4Ujj4VVEKGv3/x6+s19wq5jDZoYrB5YupCxLB0TOc=
github.com/arc-language/upkg v0.0.0-20260129003155-0dc60d567fb4 h1:cp64gT0XXq3TUJg8W7V1/ZVFrm4zP5kzxgkkGNnTwA8=
github.com/arc-language/upkg v0.0.0-20260129003155-0dc60d567fb4/go.mod h1:IG4Ujj4VVEKGv3/x6+s19wq5jDZoYrB5YupCxLB0TOc=
github.com/arc-language/upkg v0.0.0-20260129003442-7b1e1ef53374 h1:lsoho1SwKLA62P+sCjVqtdKxRw2bN4B4CgSSy40nVmc=
github.com/arc-language/upkg v0.0.0-20260129003442-7b1e1ef53374/go.mod h1:IG4Ujj4VVEKGv3/x6+s19wq5jDZoYrB5YupCxLB0TOc=
github.com/arc-language/upkg v0.0.0-20260129030353-52c76fa2ebcb h1:M2oDZCJ2RILHKA//4INvWYvM56aY8G6a8yoxp6i9iYg=
github.com/arc-language/upkg v0.0.0-20260129030353-52c76fa2ebcb/go.mod h1:IG4Ujj4VVEKGv3/x6+s19wq5jDZoYrB5YupCxLB0TOc=
github.com/arc-language/upkg v0.0.0-20260129030904-8ee9ab3c3038 h1:t+SDVdZqt5t4jfFGOix36edPJnLHwQSykXCbRhI3q+0=
github.com/arc-language/upkg v0.0.0-20260129030904-8ee9ab3c3038/go.mod h1:IG4Ujj4VVEKGv3/x6+s19wq5jDZoYrB5YupCxLB0TOc=
github.com/arc-language/upkg v0.0.0-20260129031820-38c4b32ac1df h1:z9D5RZL5inkUO8+iStITUxtAhWSpws5rLR2J3HuTQQg=
github.com/arc-language/upkg v0.0.0-20260129031820-38c4b32ac1df/go.mod h1:IG4Ujj4VVEKGv3/x6+s19wq5jDZoYrB5YupCxLB0TOc=
github.com/arc-language/upkg v0.0.0-20260129032014-47653cf8f0e4 h1:Qhzu3MpFgPZ6DtAJTSXanpkv28DMzZS7iSO3IE2/m3k=
github.com/arc-language/upkg v0.0.0-20260129032014-47653cf8f0e4/go.mod h1:IG4Ujj4VVEKGv3/x6+s19wq5jDZoYrB5YupCxLB0TOc=
github.com/arc-language/upkg v0.0.0-20260129032328-67d1efa55221 h1:waWR3wk0LetBEdj0CQ9XSep5hcrCHpI1d1rQvhR3Lmk=
github.com/arc-language/upkg v0.0.0-20260129032328-67d1efa55221/go.mod h1:IG4Ujj4VVEKGv3/x6+s19wq5jDZoYrB5YupCxLB0TOc=
github.com/arc-language/upkg v0.0.0-20260129032700-aac487b0ac1f h1:ZmIgdhs1IDdn6dT4H5nI/8JEfCtRX+CMxOAnE9fG+Zc=
github.com/arc-language/upkg v0.0.0-20260129032700-aac487b0ac1f/go.mod h1:IG4Ujj4VVEKGv3/x6+s19wq5jDZoYrB5YupCxLB0TOc=
github.com/arc-language/upkg v0.0.0-20260129033957-fe1bb05539e1 h1:gb+KJMGjpcMjLSQ20rVef497u/UYkj6yXUprby2zvbo=
github.com/arc-language/upkg v0.0.0-20260129033957-fe1bb05539e1/go.mod h1:IG4Ujj4VVEKGv3/x6+s19wq5jDZoYrB5YupCxLB0TOc=
github.com/arc-language/upkg v0.0.0-20260129034241-d10ffb43ba77 h1:7kaaZyQ25vgI7Gju6Y6VPqUaDVmIzPaigaVx7mJ4jRc=
github.com/arc-language/upkg v0.0.0-20260129034241-d10ffb43ba77/go.mod h1:IG4Ujj4VVEKGv3/x6+s19wq5jDZoYrB5YupCxLB0TOc=
github.com/arc-language/upkg v0.0.0-20260129034417-0f66cd643ce3 h1:LLl2MKZinXBQ9NEOdncUB92TP7hUDtmUChtnwTtQDLQ=
github.com/arc-language/upkg v0.0.0-20260129034417-0f66cd643ce3/go.mod h1:IG4Ujj4VVEKGv3/x6+s19wq5jDZoYrB5YupCxLB0TOc=
github.com/arc-language/upkg v0.0.0-20260129035333-e3a2e68294c4 h1:dUnXTnkXWDEiCxYmGEMDxlyJFJPjL1P+uLres5psA8I=
github.com/arc-language/upkg v0.0.0-20260129035333-e3a2e68294c4/go.mod h1:IG4Ujj4VVEKGv3/x6+s19wq5jDZoYrB5YupCxLB0TOc=
github.com/arc-language/upkg v0.0.0-20260129035427-3c0dd3848f47 h1:+5M1R1K+63kPwqTLbQjBjNJbwmpr2GUncjmM3p6O9No=
github.com/arc-language/upkg v0.0.0-20260129035427-3c0dd3848f47/go.mod h1:IG4Ujj4VVEKGv3/x6+s19wq5jDZoYrB5YupCxLB0TOc=
github.com/arc-language/upkg v0.0.0-20260129035901-b44e3aa61042 h1:JzK+edADOPnBeGuMgngOVE51l5eLOmd/za5QnLdSiSQ=
github.com/arc-language/upkg v0.0.0-20260129035901-b44e3aa61042/go.mod h1:IG4Ujj4VVEKGv3/x6+s19wq5jDZoYrB5YupCxLB0TOc=
github.com/blakesmith/ar v0.0.0-20190502131153-809d4375e1fb h1:m935MPodAbYS46DG4pJSv7WO+VECIWUQ7OJYSoTrMh4=
github.com/blakesmith/ar v0.0.0-20190502131153-809d4375e1fb/go.mod h1:PkYb9DJNAwrSvRx5DYA+gUcOIgTGVMNkfSCbZM8cWpI=
github.com/klauspost/compress v1.18.3 h1:9PJRvfbmTabkOX8moIpXPbMMbYN60bWImDDU7L+/6zw=
github.com/klauspost/compress v1.18.3/go.mod h1:R0h/fSBs8DE4ENlcrlib3PsXS61voFxhIs2DeRhCvJ4=
github.com/ulikunitz/xz v0.5.15 h1:9DNdB5s+SgV3bQ2ApL10xRc35ck0DuIX/isZvIk+ubY=
github.com/ulikunitz/xz v0.5.15/go.mod h1:nbz6k7qbPmH4IRqmfOplQw/tblSgqTqBwxkY0oWt/14=
zombiezen.com/go/nix v0.0.0-20250514174927-d97ab08b45de h1:X37qVOQIIuiEfWf+P4bMpaVPKr9mdwmj2sj3dj7UY18=
zombiezen.com/go/nix v0.0.0-20250514174927-d97ab08b45de/go.mod h1:3/4h+nWUdD9F6De1g7zBvgn4RyryS+mnK5JiW2JHRe8=
